Microsoft Visual Studio Solution File, Format Version 12.00
# Visual Studio Version 17
VisualStudioVersion = 17.5.2.0
MinimumVisualStudioVersion = 10.0.40219.1
Project("{FAE04EC0-301F-11D3-BF4B-00C04F79EFBC}") = "Enviredit", "Enviredit.csproj", "{BC680D0B-7975-9D0D-00EF-FC4A5E986330}"
EndProject
Global
	GlobalSection(SolutionConfigurationPlatforms) = preSolution
		Debug|Any CPU = Debug|Any CPU
		Release|Any CPU = Release|Any CPU
	EndGlobalSection
	GlobalSection(ProjectConfigurationPlatforms) = postSolution
		{BC680D0B-7975-9D0D-00EF-FC4A5E986330}.Debug|Any CPU.ActiveCfg = Debug|Any CPU
		{BC680D0B-7975-9D0D-00EF-FC4A5E986330}.Debug|Any CPU.Build.0 = Debug|Any CPU
		{BC680D0B-7975-9D0D-00EF-FC4A5E986330}.Release|Any CPU.ActiveCfg = Release|Any CPU
		{BC680D0B-7975-9D0D-00EF-FC4A5E986330}.Release|Any CPU.Build.0 = Release|Any CPU
	EndGlobalSection
	GlobalSection(SolutionProperties) = preSolution
		HideSolutionNode = FALSE
	EndGlobalSection
	GlobalSection(ExtensibilityGlobals) = postSolution
		SolutionGuid = {3B8036CB-7FD8-4A42-99AA-6BC4C74FFB97}
	EndGlobalSection
EndGlobal
